// !$*UTF8*$!
{
	archiveVersion = 1;
	classes = {
	};
	objectVersion = 46;
	objects = {

/* Begin PBXBuildFile section */
		621550501E864D4D00C23DF8 /* AppDelegate.swift in Sources */ = {isa = PBXBuildFile; fileRef = 6215504F1E864D4D00C23DF8 /* AppDelegate.swift */; };
		621550521E864D4D00C23DF8 /* ViewController.swift in Sources */ = {isa = PBXBuildFile; fileRef = 621550511E864D4D00C23DF8 /* ViewController.swift */; };
		621550551E864D4D00C23DF8 /* Main.storyboard in Resources */ = {isa = PBXBuildFile; fileRef = 621550531E864D4D00C23DF8 /* Main.storyboard */; };
		621550571E864D4D00C23DF8 /* Assets.xcassets in Resources */ = {isa = PBXBuildFile; fileRef = 621550561E864D4D00C23DF8 /* Assets.xcassets */; };
		6215505A1E864D4D00C23DF8 /* LaunchScreen.storyboard in Resources */ = {isa = PBXBuildFile; fileRef = 621550581E864D4D00C23DF8 /* LaunchScreen.storyboard */; };
/* End PBXBuildFile section */

/* Begin PBXFileReference section */
		6215504C1E864D4D00C23DF8 /* Live-zzu.app */ = {isa = PBXFileReference; explicitFileType = wrapper.application; includeInIndex = 0; path = "Live-zzu.app"; sourceTree = BUILT_PRODUCTS_DIR; };
		6215504F1E864D4D00C23DF8 /* AppDelegate.swift */ = {isa = PBXFileReference; lastKnownFileType = sourcecode.swift; path = AppDelegate.swift; sourceTree = "<group>"; };
		621550511E864D4D00C23DF8 /* ViewController.swift */ = {isa = PBXFileReference; lastKnownFileType = sourcecode.swift; path = ViewController.swift; sourceTree = "<group>"; };
		621550541E864D4D00C23DF8 /* Base */ = {isa = PBXFileReference; lastKnownFileType = file.storyboard; name = Base; path = Base.lproj/Main.storyboard; sourceTree = "<group>"; };
		621550561E864D4D00C23DF8 /* Assets.xcassets */ = {isa = PBXFileReference; lastKnownFileType = folder.assetcatalog; path = Assets.xcassets; sourceTree = "<group>"; };
		621550591E864D4D00C23DF8 /* Base */ = {isa = PBXFileReference; lastKnownFileType = file.storyboard; name = Base; path = Base.lproj/LaunchScreen.storyboard; sourceTree = "<group>"; };
		6215505B1E864D4D00C23DF8 /* Info.plist */ = {isa = PBXFileReference; lastKnownFileType = text.plist.xml; path = Info.plist; sourceTree = "<group>"; };
/* End PBXFileReference section */

/* Begin PBXFrameworksBuildPhase section */
		621550491E864D4D00C23DF8 /* Frameworks */ = {
			isa = PBXFrameworksBuildPhase;
			buildActionMask = 2147483647;
			files = (
			);
			runOnlyForDeploymentPostprocessing = 0;
		};
/* End PBXFrameworksBuildPhase section */

/* Begin PBXGroup section */
		621550431E864D4D00C23DF8 = {
			isa = PBXGroup;
			children = (
				6215504E1E864D4D00C23DF8 /* Live-zzu */,
				6215504D1E864D4D00C23DF8 /* Products */,
			);
			sourceTree = "<group>";
		};
		6215504D1E864D4D00C23DF8 /* Products */ = {
			isa = PBXGroup;
			children = (
				6215504C1E864D4D00C23DF8 /* Live-zzu.app */,
			);
			name = Products;
			sourceTree = "<group>";
		};
		6215504E1E864D4D00C23DF8 /* Live-zzu */ = {
			isa = PBXGroup;
			children = (
				6215504F1E864D4D00C23DF8 /* AppDelegate.swift */,
				621550511E864D4D00C23DF8 /* ViewController.swift */,
				621550531E864D4D00C23DF8 /* Main.storyboard */,
				621550561E864D4D00C23DF8 /* Assets.xcassets */,
				621550581E864D4D00C23DF8 /* LaunchScreen.storyboard */,
				6215505B1E864D4D00C23DF8 /* Info.plist */,
			);
			path = "Live-zzu";
			sourceTree = "<group>";
		};
/* End PBXGroup section */

/* Begin PBXNativeTarget section */
		6215504B1E864D4D00C23DF8 /* Live-zzu */ = {
			isa = PBXNativeTarget;
			buildConfigurationList = 6215505E1E864D4D00C23DF8 /* Build configuration list for PBXNativeTarget "Live-zzu" */;
			buildPhases = (
				621550481E864D4D00C23DF8 /* Sources */,
				621550491E864D4D00C23DF8 /* Frameworks */,
				6215504A1E864D4D00C23DF8 /* Resources */,
			);
			buildRules = (
			);
			dependencies = (
			);
			name = "Live-zzu";
			productName = "Live-zzu";
			productReference = 6215504C1E864D4D00C23DF8 /* Live-zzu.app */;
			productType = "com.apple.product-type.application";
		};
/* End PBXNativeTarget section */

/* Begin PBXProject section */
		621550441E864D4D00C23DF8 /* Project object */ = {
			isa = PBXProject;
			attributes = {
				LastSwiftUpdateCheck = 0820;
				LastUpgradeCheck = 0820;
				ORGANIZATIONNAME = "如是我闻";
				TargetAttributes = {
					6215504B1E864D4D00C23DF8 = {
						CreatedOnToolsVersion = 8.2.1;
						ProvisioningStyle = Automatic;
					};
				};
			};
			buildConfigurationList = 621550471E864D4D00C23DF8 /* Build configuration list for PBXProject "Live-zzu" */;
			compatibilityVersion = "Xcode 3.2";
			developmentRegion = English;
			hasScannedForEncodings = 0;
			knownRegions = (
				en,
				Base,
			);
			mainGroup = 621550431E864D4D00C23DF8;
			productRefGroup = 6215504D1E864D4D00C23DF8 /* Products */;
			projectDirPath = "";
			projectRoot = "";
			targets = (
				6215504B1E864D4D00C23DF8 /* Live-zzu */,
			);
		};
/* End PBXProject section */

/* Begin PBXResourcesBuildPhase section */
		6215504A1E864D4D00C23DF8 /* Resources */ = {
			isa = PBXResourcesBuildPhase;
			buildActionMask = 2147483647;
			files = (
				6215505A1E864D4D00C23DF8 /* LaunchScreen.storyboard in Resources */,
				621550571E864D4D00C23DF8 /* Assets.xcassets in Resources */,
				621550551E864D4D00C23DF8 /* Main.storyboard in Resources */,
			);
			runOnlyForDeploymentPostprocessing = 0;
		};
/* End PBXResourcesBuildPhase section */

/* Begin PBXSourcesBuildPhase section */
		621550481E864D4D00C23DF8 /* Sources */ = {
			isa = PBXSourcesBuildPhase;
			buildActionMask = 2147483647;
			files = (
				621550521E864D4D00C23DF8 /* ViewController.swift in Sources */,
				621550501E864D4D00C23DF8 /* AppDelegate.swift in Sources */,
			);
			runOnlyForDeploymentPostprocessing = 0;
		};
/* End PBXSourcesBuildPhase section */

/* Begin PBXVariantGroup section */
		621550531E864D4D00C23DF8 /* Main.storyboard */ = {
			isa = PBXVariantGroup;
			children = (
				621550541E864D4D00C23DF8 /* Base */,
			);
			name = Main.storyboard;
			sourceTree = "<group>";
		};
		621550581E864D4D00C23DF8 /* LaunchScreen.storyboard */ = {
			isa = PBXVariantGroup;
			children = (
				621550591E864D4D00C23DF8 /* Base */,
			);
			name = LaunchScreen.storyboard;
			sourceTree = "<group>";
		};
/* End PBXVariantGroup section */

/* Begin XCBuildConfiguration section */
		6215505C1E864D4D00C23DF8 /* Debug */ = {
			isa = XCBuildConfiguration;
			buildSettings = {
				ALWAYS_SEARCH_USER_PATHS = NO;
				CLANG_ANALYZER_NONNULL = YES;
				CLANG_CXX_LANGUAGE_STANDARD = "gnu++0x";
				CLANG_CXX_LIBRARY = "libc++";
				CLANG_ENABLE_MODULES = YES;
				CLANG_ENABLE_OBJC_ARC = YES;
				CLANG_WARN_BOOL_CONVERSION = YES;
				CLANG_WARN_CONSTANT_CONVERSION = YES;
				CLANG_WARN_DIRECT_OBJC_ISA_USAGE = YES_ERROR;
				CLANG_WARN_DOCUMENTATION_COMMENTS = YES;
				CLANG_WARN_EMPTY_BODY = YES;
				CLANG_WARN_ENUM_CONVERSION = YES;
				CLANG_WARN_INFINITE_RECURSION = YES;
				CLANG_WARN_INT_CONVERSION = YES;
				CLANG_WARN_OBJC_ROOT_CLASS = YES_ERROR;
				CLANG_WARN_SUSPICIOUS_MOVE = YES;
				CLANG_WARN_UNREACHABLE_CODE = YES;
				CLANG_WARN__DUPLICATE_METHOD_MATCH = YES;
				"CODE_SIGN_IDENTITY[sdk=iphoneos*]" = "iPhone Developer";
				COPY_PHASE_STRIP = NO;
				DEBUG_INFORMATION_FORMAT = dwarf;
				ENABLE_STRICT_OBJC_MSGSEND = YES;
				ENABLE_TESTABILITY = YES;
				GCC_C_LANGUAGE_STANDARD = gnu99;
				GCC_DYNAMIC_NO_PIC = NO;
				GCC_NO_COMMON_BLOCKS = YES;
				GCC_OPTIMIZATION_LEVEL = 0;
				GCC_PREPROCESSOR_DEFINITIONS = (
					"DEBUG=1",
					"$(inherited)",
				);
				GCC_WARN_64_TO_32_BIT_CONVERSION = YES;
				GCC_WARN_ABOUT_RETURN_TYPE = YES_ERROR;
				GCC_WARN_UNDECLARED_SELECTOR = YES;
				GCC_WARN_UNINITIALIZED_AUTOS = YES_AGGRESSIVE;
				GCC_WARN_UNUSED_FUNCTION = YES;
				GCC_WARN_UNUSED_VARIABLE = YES;
				IPHONEOS_DEPLOYMENT_TARGET = 10.2;
				MTL_ENABLE_DEBUG_INFO = YES;
				ONLY_ACTIVE_ARCH = YES;
				SDKROOT = iphoneos;
				SWIFT_ACTIVE_COMPILATION_CONDITIONS = DEBUG;
				SWIFT_OPTIMIZATION_LEVEL = "-Onone";
			};
			name = Debug;
		};
		6215505D1E864D4D00C23DF8 /* Release */ = {
			isa = XCBuildConfiguration;
			buildSettings = {
				ALWAYS_SEARCH_USER_PATHS = NO;
				CLANG_ANALYZER_NONNULL = YES;
				CLANG_CXX_LANGUAGE_STANDARD = "gnu++0x";
				CLANG_CXX_LIBRARY = "libc++";
				CLANG_ENABLE_MODULES = YES;
				CLANG_ENABLE_OBJC_ARC = YES;
				CLANG_WARN_BOOL_CONVERSION = YES;
				CLANG_WARN_CONSTANT_CONVERSION = YES;
				CLANG_WARN_DIRECT_OBJC_ISA_USAGE = YES_ERROR;
				CLANG_WARN_DOCUMENTATION_COMMENTS = YES;
				CLANG_WARN_EMPTY_BODY = YES;
				CLANG_WARN_ENUM_CONVERSION = YES;
				CLANG_WARN_INFINITE_RECURSION = YES;
				CLANG_WARN_INT_CONVERSION = YES;
				CLANG_WARN_OBJC_ROOT_CLASS = YES_ERROR;
				CLANG_WARN_SUSPICIOUS_MOVE = YES;
				CLANG_WARN_UNREACHABLE_CODE = YES;
				CLANG_WARN__DUPLICATE_METHOD_MATCH = YES;
				"CODE_SIGN_IDENTITY[sdk=iphoneos*]" = "iPhone Developer";
				COPY_PHASE_STRIP = NO;
				DEBUG_INFORMATION_FORMAT = "dwarf-with-dsym";
				ENABLE_NS_ASSERTIONS = NO;
				ENABLE_STRICT_OBJC_MSGSEND = YES;
				GCC_C_LANGUAGE_STANDARD = gnu99;
				GCC_NO_COMMON_BLOCKS = YES;
				GCC_WARN_64_TO_32_BIT_CONVERSION = YES;
				GCC_WARN_ABOUT_RETURN_TYPE = YES_ERROR;
				GCC_WARN_UNDECLARED_SELECTOR = YES;
				GCC_WARN_UNINITIALIZED_AUTOS = YES_AGGRESSIVE;
				GCC_WARN_UNUSED_FUNCTION = YES;
				GCC_WARN_UNUSED_VARIABLE = YES;
				IPHONEOS_DEPLOYMENT_TARGET = 10.2;
				MTL_ENABLE_DEBUG_INFO = NO;
				SDKROOT = iphoneos;
				SWIFT_OPTIMIZATION_LEVEL = "-Owholemodule";
				VALIDATE_PRODUCT = YES;
			};
			name = Release;
		};
		6215505F1E864D4D00C23DF8 /* Debug */ = {
			isa = XCBuildConfiguration;
			buildSettings = {
				ASSETCATALOG_COMPILER_APPICON_NAME = AppIcon;
				INFOPLIST_FILE = "Live-zzu/Info.plist";
				LD_RUNPATH_SEARCH_PATHS = "$(inherited) @executable_path/Frameworks";
				PRODUCT_BUNDLE_IDENTIFIER = "com.----.Live-zzu";
				PRODUCT_NAME = "$(TARGET_NAME)";
				SWIFT_VERSION = 3.0;
			};
			name = Debug;
		};
		621550601E864D4D00C23DF8 /* Release */ = {
			isa = XCBuildConfiguration;
			buildSettings = {
				ASSETCATALOG_COMPILER_APPICON_NAME = AppIcon;
				INFOPLIST_FILE = "Live-zzu/Info.plist";
				LD_RUNPATH_SEARCH_PATHS = "$(inherited) @executable_path/Frameworks";
				PRODUCT_BUNDLE_IDENTIFIER = "com.----.Live-zzu";
				PRODUCT_NAME = "$(TARGET_NAME)";
				SWIFT_VERSION = 3.0;
			};
			name = Release;
		};
/* End XCBuildConfiguration section */

/* Begin XCConfigurationList section */
		621550471E864D4D00C23DF8 /* Build configuration list for PBXProject "Live-zzu" */ = {
			isa = XCConfigurationList;
			buildConfigurations = (
				6215505C1E864D4D00C23DF8 /* Debug */,
				6215505D1E864D4D00C23DF8 /* Release */,
			);
			defaultConfigurationIsVisible = 0;
			defaultConfigurationName = Release;
		};
		6215505E1E864D4D00C23DF8 /* Build configuration list for PBXNativeTarget "Live-zzu" */ = {
			isa = XCConfigurationList;
			buildConfigurations = (
				6215505F1E864D4D00C23DF8 /* Debug */,
				621550601E864D4D00C23DF8 /* Release */,
			);
			defaultConfigurationIsVisible = 0;
		};
/* End XCConfigurationList section */
	};
	rootObject = 621550441E864D4D00C23DF8 /* Project object */;
}
